
Microsoft Visual Studio Solution File, Format Version 11.00
# Visual Studio 2010
Project("{8BC9CEB8-8B4A-11D0-8D11-00A0C91BC942}") = "MSG_Foundation", "MSG_Foundation\MSG_Foundation.vcxproj", "{801B97F2-729B-4F6C-AF0A-20574A1036C7}"
EndProject
Global
	GlobalSection(SolutionConfigurationPlatforms) = preSolution
		Debug|Win32 = Debug|Win32
		Release|Win32 = Release|Win32
	EndGlobalSection
	GlobalSection(ProjectConfigurationPlatforms) = postSolution
		{801B97F2-729B-4F6C-AF0A-20574A1036C7}.Debug|Win32.ActiveCfg = Debug|Win32
		{801B97F2-729B-4F6C-AF0A-20574A1036C7}.Debug|Win32.Build.0 = Debug|Win32
		{801B97F2-729B-4F6C-AF0A-20574A1036C7}.Release|Win32.ActiveCfg = Release|Win32
		{801B97F2-729B-4F6C-AF0A-20574A1036C7}.Release|Win32.Build.0 = Release|Win32
	EndGlobalSection
	GlobalSection(SolutionProperties) = preSolution
		HideSolutionNode = FALSE
	EndGlobalSection
EndGlobal
