
Microsoft Visual Studio Solution File, Format Version 11.00
# Visual Studio 2010
Project("{8BC9CEB8-8B4A-11D0-8D11-00A0C91BC942}") = "EulerProb42", "EulerProb42\EulerProb42.vcxproj", "{E5604A01-3E2D-408C-A650-4A09CE7AC3BC}"
EndProject
Global
	GlobalSection(SolutionConfigurationPlatforms) = preSolution
		Debug|Win32 = Debug|Win32
		Release|Win32 = Release|Win32
	EndGlobalSection
	GlobalSection(ProjectConfigurationPlatforms) = postSolution
		{E5604A01-3E2D-408C-A650-4A09CE7AC3BC}.Debug|Win32.ActiveCfg = Debug|Win32
		{E5604A01-3E2D-408C-A650-4A09CE7AC3BC}.Debug|Win32.Build.0 = Debug|Win32
		{E5604A01-3E2D-408C-A650-4A09CE7AC3BC}.Release|Win32.ActiveCfg = Release|Win32
		{E5604A01-3E2D-408C-A650-4A09CE7AC3BC}.Release|Win32.Build.0 = Release|Win32
	EndGlobalSection
	GlobalSection(SolutionProperties) = preSolution
		HideSolutionNode = FALSE
	EndGlobalSection
EndGlobal
