
Microsoft Visual Studio Solution File, Format Version 11.00
# Visual Studio 2010
Project("{8BC9CEB8-8B4A-11D0-8D11-00A0C91BC942}") = "Trie_Implementation", "Trie_Implementation\Trie_Implementation.vcxproj", "{5DBF93BE-0398-4D78-B8C9-C399F3280C4C}"
EndProject
Global
	GlobalSection(SolutionConfigurationPlatforms) = preSolution
		Debug|Win32 = Debug|Win32
		Release|Win32 = Release|Win32
	EndGlobalSection
	GlobalSection(ProjectConfigurationPlatforms) = postSolution
		{5DBF93BE-0398-4D78-B8C9-C399F3280C4C}.Debug|Win32.ActiveCfg = Debug|Win32
		{5DBF93BE-0398-4D78-B8C9-C399F3280C4C}.Debug|Win32.Build.0 = Debug|Win32
		{5DBF93BE-0398-4D78-B8C9-C399F3280C4C}.Release|Win32.ActiveCfg = Release|Win32
		{5DBF93BE-0398-4D78-B8C9-C399F3280C4C}.Release|Win32.Build.0 = Release|Win32
	EndGlobalSection
	GlobalSection(SolutionProperties) = preSolution
		HideSolutionNode = FALSE
	EndGlobalSection
EndGlobal
